
Microsoft Visual Studio Solution File, Format Version 12.00
# Visual Studio 14
VisualStudioVersion = 14.0.25420.1
MinimumVisualStudioVersion = 10.0.40219.1
Project("{FAE04EC0-301F-11D3-BF4B-00C04F79EFBC}") = "Blinds_VerifySearchSort_RoomDarkening", "Sample1\Blinds_VerifySearchSort_RoomDarkening.csproj", "{F9AADF21-5E7F-484B-B2DC-F3BC9074DC48}"
EndProject
Global
	GlobalSection(SolutionConfigurationPlatforms) = preSolution
		Debug|Any CPU = Debug|Any CPU
		Release|Any CPU = Release|Any CPU
	EndGlobalSection
	GlobalSection(ProjectConfigurationPlatforms) = postSolution
		{F9AADF21-5E7F-484B-B2DC-F3BC9074DC48}.Debug|Any CPU.ActiveCfg = Debug|Any CPU
		{F9AADF21-5E7F-484B-B2DC-F3BC9074DC48}.Debug|Any CPU.Build.0 = Debug|Any CPU
		{F9AADF21-5E7F-484B-B2DC-F3BC9074DC48}.Release|Any CPU.ActiveCfg = Release|Any CPU
		{F9AADF21-5E7F-484B-B2DC-F3BC9074DC48}.Release|Any CPU.Build.0 = Release|Any CPU
	EndGlobalSection
	GlobalSection(SolutionProperties) = preSolution
		HideSolutionNode = FALSE
	EndGlobalSection
EndGlobal
